
Microsoft Visual Studio Solution File, Format Version 12.00
# Visual Studio Version 16
VisualStudioVersion = 16.0.30804.86
MinimumVisualStudioVersion = 10.0.40219.1
Project("{FAE04EC0-301F-11D3-BF4B-00C04F79EFBC}") = "Suscribe Management System Hehe", "Suscribe Management System Hehe\Suscribe Management System Hehe.csproj", "{849D3B58-95D3-4960-A81F-F69BA75E7C5C}"
EndProject
Global
	GlobalSection(SolutionConfigurationPlatforms) = preSolution
		Debug|Any CPU = Debug|Any CPU
		Release|Any CPU = Release|Any CPU
	EndGlobalSection
	GlobalSection(ProjectConfigurationPlatforms) = postSolution
		{849D3B58-95D3-4960-A81F-F69BA75E7C5C}.Debug|Any CPU.ActiveCfg = Debug|Any CPU
		{849D3B58-95D3-4960-A81F-F69BA75E7C5C}.Debug|Any CPU.Build.0 = Debug|Any CPU
		{849D3B58-95D3-4960-A81F-F69BA75E7C5C}.Release|Any CPU.ActiveCfg = Release|Any CPU
		{849D3B58-95D3-4960-A81F-F69BA75E7C5C}.Release|Any CPU.Build.0 = Release|Any CPU
	EndGlobalSection
	GlobalSection(SolutionProperties) = preSolution
		HideSolutionNode = FALSE
	EndGlobalSection
	GlobalSection(ExtensibilityGlobals) = postSolution
		SolutionGuid = {5CC3CC83-50C3-4326-8F4B-6A578D97A2D6}
	EndGlobalSection
EndGlobal
